
Microsoft Visual Studio Solution File, Format Version 12.00
# Visual Studio Version 17
VisualStudioVersion = 17.0.31903.59
MinimumVisualStudioVersion = 10.0.40219.1
Project("{FAE04EC0-301F-11D3-BF4B-00C04F79EFBC}") = "API", "API\API.csproj", "{7EF9DF89-63A7-412F-B906-9E416D056ED9}"
EndProject
Project("{FAE04EC0-301F-11D3-BF4B-00C04F79EFBC}") = "Application", "Application\Application.csproj", "{7698A164-B31E-4D33-A211-D1EAE939145F}"
EndProject
Project("{FAE04EC0-301F-11D3-BF4B-00C04F79EFBC}") = "Domain", "Domain\Domain.csproj", "{68250BC3-C166-4823-842B-7BEEFF115712}"
EndProject
Project("{FAE04EC0-301F-11D3-BF4B-00C04F79EFBC}") = "Persistence", "Persistence\Persistence.csproj", "{06927611-33C2-4A5F-AB1C-EA258664F392}"
EndProject
Global
	GlobalSection(SolutionConfigurationPlatforms) = preSolution
		Debug|Any CPU = Debug|Any CPU
		Debug|x64 = Debug|x64
		Debug|x86 = Debug|x86
		Release|Any CPU = Release|Any CPU
		Release|x64 = Release|x64
		Release|x86 = Release|x86
	EndGlobalSection
	GlobalSection(ProjectConfigurationPlatforms) = postSolution
		{7EF9DF89-63A7-412F-B906-9E416D056ED9}.Debug|Any CPU.ActiveCfg = Debug|Any CPU
		{7EF9DF89-63A7-412F-B906-9E416D056ED9}.Debug|Any CPU.Build.0 = Debug|Any CPU
		{7EF9DF89-63A7-412F-B906-9E416D056ED9}.Debug|x64.ActiveCfg = Debug|Any CPU
		{7EF9DF89-63A7-412F-B906-9E416D056ED9}.Debug|x64.Build.0 = Debug|Any CPU
		{7EF9DF89-63A7-412F-B906-9E416D056ED9}.Debug|x86.ActiveCfg = Debug|Any CPU
		{7EF9DF89-63A7-412F-B906-9E416D056ED9}.Debug|x86.Build.0 = Debug|Any CPU
		{7EF9DF89-63A7-412F-B906-9E416D056ED9}.Release|Any CPU.ActiveCfg = Release|Any CPU
		{7EF9DF89-63A7-412F-B906-9E416D056ED9}.Release|Any CPU.Build.0 = Release|Any CPU
		{7EF9DF89-63A7-412F-B906-9E416D056ED9}.Release|x64.ActiveCfg = Release|Any CPU
		{7EF9DF89-63A7-412F-B906-9E416D056ED9}.Release|x64.Build.0 = Release|Any CPU
		{7EF9DF89-63A7-412F-B906-9E416D056ED9}.Release|x86.ActiveCfg = Release|Any CPU
		{7EF9DF89-63A7-412F-B906-9E416D056ED9}.Release|x86.Build.0 = Release|Any CPU
		{7698A164-B31E-4D33-A211-D1EAE939145F}.Debug|Any CPU.ActiveCfg = Debug|Any CPU
		{7698A164-B31E-4D33-A211-D1EAE939145F}.Debug|Any CPU.Build.0 = Debug|Any CPU
		{7698A164-B31E-4D33-A211-D1EAE939145F}.Debug|x64.ActiveCfg = Debug|Any CPU
		{7698A164-B31E-4D33-A211-D1EAE939145F}.Debug|x64.Build.0 = Debug|Any CPU
		{7698A164-B31E-4D33-A211-D1EAE939145F}.Debug|x86.ActiveCfg = Debug|Any CPU
		{7698A164-B31E-4D33-A211-D1EAE939145F}.Debug|x86.Build.0 = Debug|Any CPU
		{7698A164-B31E-4D33-A211-D1EAE939145F}.Release|Any CPU.ActiveCfg = Release|Any CPU
		{7698A164-B31E-4D33-A211-D1EAE939145F}.Release|Any CPU.Build.0 = Release|Any CPU
		{7698A164-B31E-4D33-A211-D1EAE939145F}.Release|x64.ActiveCfg = Release|Any CPU
		{7698A164-B31E-4D33-A211-D1EAE939145F}.Release|x64.Build.0 = Release|Any CPU
		{7698A164-B31E-4D33-A211-D1EAE939145F}.Release|x86.ActiveCfg = Release|Any CPU
		{7698A164-B31E-4D33-A211-D1EAE939145F}.Release|x86.Build.0 = Release|Any CPU
		{68250BC3-C166-4823-842B-7BEEFF115712}.Debug|Any CPU.ActiveCfg = Debug|Any CPU
		{68250BC3-C166-4823-842B-7BEEFF115712}.Debug|Any CPU.Build.0 = Debug|Any CPU
		{68250BC3-C166-4823-842B-7BEEFF115712}.Debug|x64.ActiveCfg = Debug|Any CPU
		{68250BC3-C166-4823-842B-7BEEFF115712}.Debug|x64.Build.0 = Debug|Any CPU
		{68250BC3-C166-4823-842B-7BEEFF115712}.Debug|x86.ActiveCfg = Debug|Any CPU
		{68250BC3-C166-4823-842B-7BEEFF115712}.Debug|x86.Build.0 = Debug|Any CPU
		{68250BC3-C166-4823-842B-7BEEFF115712}.Release|Any CPU.ActiveCfg = Release|Any CPU
		{68250BC3-C166-4823-842B-7BEEFF115712}.Release|Any CPU.Build.0 = Release|Any CPU
		{68250BC3-C166-4823-842B-7BEEFF115712}.Release|x64.ActiveCfg = Release|Any CPU
		{68250BC3-C166-4823-842B-7BEEFF115712}.Release|x64.Build.0 = Release|Any CPU
		{68250BC3-C166-4823-842B-7BEEFF115712}.Release|x86.ActiveCfg = Release|Any CPU
		{68250BC3-C166-4823-842B-7BEEFF115712}.Release|x86.Build.0 = Release|Any CPU
		{06927611-33C2-4A5F-AB1C-EA258664F392}.Debug|Any CPU.ActiveCfg = Debug|Any CPU
		{06927611-33C2-4A5F-AB1C-EA258664F392}.Debug|Any CPU.Build.0 = Debug|Any CPU
		{06927611-33C2-4A5F-AB1C-EA258664F392}.Debug|x64.ActiveCfg = Debug|Any CPU
		{06927611-33C2-4A5F-AB1C-EA258664F392}.Debug|x64.Build.0 = Debug|Any CPU
		{06927611-33C2-4A5F-AB1C-EA258664F392}.Debug|x86.ActiveCfg = Debug|Any CPU
		{06927611-33C2-4A5F-AB1C-EA258664F392}.Debug|x86.Build.0 = Debug|Any CPU
		{06927611-33C2-4A5F-AB1C-EA258664F392}.Release|Any CPU.ActiveCfg = Release|Any CPU
		{06927611-33C2-4A5F-AB1C-EA258664F392}.Release|Any CPU.Build.0 = Release|Any CPU
		{06927611-33C2-4A5F-AB1C-EA258664F392}.Release|x64.ActiveCfg = Release|Any CPU
		{06927611-33C2-4A5F-AB1C-EA258664F392}.Release|x64.Build.0 = Release|Any CPU
		{06927611-33C2-4A5F-AB1C-EA258664F392}.Release|x86.ActiveCfg = Release|Any CPU
		{06927611-33C2-4A5F-AB1C-EA258664F392}.Release|x86.Build.0 = Release|Any CPU
	EndGlobalSection
	GlobalSection(SolutionProperties) = preSolution
		HideSolutionNode = FALSE
	EndGlobalSection
EndGlobal
